# Solved by micromamba on osx-arm64 from toolchain.json (channels: cxc ciao, conda-forge).
# Regenerate: node tools/objects/chandra/toolchain.mts solve
@EXPLICIT
https://conda.anaconda.org/conda-forge/osx-arm64/_openmp_mutex-4.5-8_kmp_llvm.conda
https://conda.anaconda.org/conda-forge/noarch/_python_abi3_support-1.0-hd8ed1ab_3.conda
https://conda.anaconda.org/conda-forge/noarch/anyio-4.15.1-pyh5ded981_1.conda
https://conda.anaconda.org/conda-forge/noarch/appnope-1.0.0-pyhcf101f3_0.conda
https://conda.anaconda.org/conda-forge/noarch/argon2-cffi-25.1.0-pyhd8ed1ab_0.conda
https://conda.anaconda.org/conda-forge/osx-arm64/argon2-cffi-bindings-26.1.0-py312ha053593_2.conda
https://conda.anaconda.org/conda-forge/noarch/arrow-1.4.0-pyhcf101f3_0.conda
https://conda.anaconda.org/conda-forge/noarch/asttokens-3.0.2-pyhd8ed1ab_0.conda
https://conda.anaconda.org/conda-forge/noarch/async-lru-2.3.0-pyhcf101f3_0.conda
https://conda.anaconda.org/conda-forge/noarch/attrs-26.1.0-pyhcf101f3_0.conda
https://conda.anaconda.org/conda-forge/noarch/babel-2.18.0-pyhcf101f3_1.conda
https://conda.anaconda.org/conda-forge/osx-arm64/backports.zstd-1.7.0-py312h1a36842_1.conda
https://conda.anaconda.org/conda-forge/noarch/beautifulsoup4-4.15.0-pyha770c72_0.conda
https://conda.anaconda.org/conda-forge/noarch/bleach-6.4.0-pyhcf101f3_0.conda
https://conda.anaconda.org/conda-forge/noarch/bleach-with-css-6.4.0-hac0b51c_0.conda
https://conda.anaconda.org/conda-forge/osx-arm64/brotli-1.2.0-hf00d406_4.conda
https://conda.anaconda.org/conda-forge/osx-arm64/brotli-bin-1.2.0-he4a93e4_4.conda
https://conda.anaconda.org/conda-forge/osx-arm64/brotli-python-1.2.0-py312ha52686f_4.conda
https://conda.anaconda.org/conda-forge/osx-arm64/bzip2-1.0.8-h4e30115_10.conda
https://conda.anaconda.org/conda-forge/osx-arm64/c-ares-1.34.8-h74c22ad_2.conda
https://conda.anaconda.org/conda-forge/noarch/ca-certificates-2026.7.22-hbd8a1cb_0.conda
https://conda.anaconda.org/conda-forge/noarch/cached_property-2.0.1-pyhcf101f3_0.conda
https://conda.anaconda.org/conda-forge/noarch/cached-property-2.0.1-pyhcf101f3_0.conda
https://cxc.cfa.harvard.edu/conda/ciao/noarch/caldb_main-4.12.4-0.conda
https://cxc.cfa.harvard.edu/conda/ciao/osx-arm64/ccfits-2.6-h3462add_2.conda
https://conda.anaconda.org/conda-forge/noarch/certifi-2026.7.22-pyhd8ed1ab_0.conda
https://conda.anaconda.org/conda-forge/osx-arm64/cffi-2.0.0-py312hb65edc0_0.conda
https://cxc.cfa.harvard.edu/conda/ciao/osx-arm64/cfitsio-4.5.0-hca9f55a_0.conda
https://cxc.cfa.harvard.edu/conda/ciao/osx-arm64/cfitsio_threaded-4.5.0-h92c4270_0.conda
https://conda.anaconda.org/conda-forge/noarch/charset-normalizer-3.5.1-pyhd8ed1ab_0.conda
https://cxc.cfa.harvard.edu/conda/ciao/osx-arm64/ciao-4.18.0-py312h30da241_2948.conda
https://cxc.cfa.harvard.edu/conda/ciao/noarch/ciao-contrib-4.18.2-py_2.conda
https://conda.anaconda.org/conda-forge/noarch/colorama-0.4.6-pyhd8ed1ab_1.conda
https://conda.anaconda.org/conda-forge/noarch/comm-0.2.3-pyhe01879c_0.conda
https://conda.anaconda.org/conda-forge/osx-arm64/contourpy-1.4.0-py312h67ba313_1.conda
https://conda.anaconda.org/conda-forge/noarch/cpython-3.12.14-py312hd8ed1ab_3.conda
https://conda.anaconda.org/conda-forge/noarch/cycler-0.12.1-pyhcf101f3_2.conda
https://conda.anaconda.org/conda-forge/osx-arm64/debugpy-1.8.22-py312hdef455b_0.conda
https://conda.anaconda.org/conda-forge/noarch/defusedxml-0.7.1-pyhd8ed1ab_0.tar.bz2
https://conda.anaconda.org/conda-forge/noarch/exceptiongroup-1.3.1-pyhd8ed1ab_0.conda
https://conda.anaconda.org/conda-forge/noarch/executing-2.2.1-pyhd8ed1ab_0.conda
https://conda.anaconda.org/conda-forge/osx-arm64/fftw-3.3.11-nompi_haf1500d_100.conda
https://conda.anaconda.org/conda-forge/osx-arm64/fonttools-4.65.0-py312hf4454c7_0.conda
https://conda.anaconda.org/conda-forge/noarch/fqdn-1.5.1-pyhd8ed1ab_1.conda
https://conda.anaconda.org/conda-forge/osx-arm64/freetype-2.14.3-hce30654_2.conda
https://conda.anaconda.org/conda-forge/osx-arm64/gsl-2.8-hc72306e_2.conda
https://conda.anaconda.org/conda-forge/osx-arm64/gtest-1.15.2-h420ef59_0.conda
https://conda.anaconda.org/conda-forge/noarch/h11-0.16.0-pyhcf101f3_1.conda
https://conda.anaconda.org/conda-forge/noarch/h2-4.4.1-pyhcf101f3_0.conda
https://conda.anaconda.org/conda-forge/noarch/hpack-4.2.0-pyhd8ed1ab_0.conda
https://conda.anaconda.org/conda-forge/noarch/httpcore-1.0.9-pyh29332c3_0.conda
https://conda.anaconda.org/conda-forge/noarch/httpx-0.28.1-pyhd8ed1ab_0.conda
https://conda.anaconda.org/conda-forge/noarch/hyperframe-6.1.0-pyhd8ed1ab_0.conda
https://conda.anaconda.org/conda-forge/osx-arm64/icu-75.1-hfee45f7_0.conda
https://conda.anaconda.org/conda-forge/noarch/idna-3.19-pyhcf101f3_0.conda
https://conda.anaconda.org/conda-forge/noarch/importlib-metadata-9.0.1-pyhcf101f3_0.conda
https://conda.anaconda.org/conda-forge/noarch/iniconfig-2.3.0-pyhd8ed1ab_0.conda
https://conda.anaconda.org/conda-forge/noarch/ipykernel-7.3.0-pyh01cf8df_0.conda
https://conda.anaconda.org/conda-forge/noarch/ipython-9.17.1-pyh53cf698_0.conda
https://conda.anaconda.org/conda-forge/noarch/ipython_pygments_lexers-1.1.1-pyhd8ed1ab_0.conda
https://conda.anaconda.org/conda-forge/noarch/ipywidgets-8.1.9-pyhd8ed1ab_0.conda
https://conda.anaconda.org/conda-forge/noarch/isoduration-20.11.0-pyhd8ed1ab_1.conda
https://conda.anaconda.org/conda-forge/noarch/jedi-0.20.0-pyhcf101f3_0.conda
https://conda.anaconda.org/conda-forge/noarch/jinja2-3.1.6-pyhcf101f3_1.conda
https://conda.anaconda.org/conda-forge/noarch/json5-0.15.0-pyhd8ed1ab_0.conda
https://conda.anaconda.org/conda-forge/noarch/jsonpointer-3.1.1-pyhcf101f3_0.conda
https://conda.anaconda.org/conda-forge/noarch/jsonschema-4.26.0-pyhcf101f3_1.conda
https://conda.anaconda.org/conda-forge/noarch/jsonschema-specifications-2025.9.1-pyhcf101f3_0.conda
https://conda.anaconda.org/conda-forge/noarch/jsonschema-with-format-nongpl-4.26.0-hcf101f3_1.conda
https://conda.anaconda.org/conda-forge/noarch/jupyter-1.1.1-pyhd8ed1ab_1.conda
https://conda.anaconda.org/conda-forge/noarch/jupyter_client-8.10.0-pyhcf101f3_0.conda
https://conda.anaconda.org/conda-forge/noarch/jupyter_console-6.6.3-pyhd8ed1ab_1.conda
https://conda.anaconda.org/conda-forge/noarch/jupyter_core-5.9.1-pyhc90fa1f_0.conda
https://conda.anaconda.org/conda-forge/noarch/jupyter_events-0.12.1-pyhcf101f3_0.conda
https://conda.anaconda.org/conda-forge/noarch/jupyter_server-2.21.1-pyh5ded981_0.conda
https://conda.anaconda.org/conda-forge/noarch/jupyter_server_terminals-0.5.4-pyhcf101f3_0.conda
https://conda.anaconda.org/conda-forge/noarch/jupyter-builder-1.2.3-pyh5ded981_0.conda
https://conda.anaconda.org/conda-forge/noarch/jupyter-lsp-2.3.1-pyhcf101f3_0.conda
https://conda.anaconda.org/conda-forge/noarch/jupyterlab-4.6.3-pyhd8ed1ab_0.conda
https://conda.anaconda.org/conda-forge/noarch/jupyterlab_pygments-0.3.0-pyhd8ed1ab_2.conda
https://conda.anaconda.org/conda-forge/noarch/jupyterlab_server-2.28.1-pyh5ded981_0.conda
https://conda.anaconda.org/conda-forge/noarch/jupyterlab_widgets-3.0.17-pyhcf101f3_0.conda
https://conda.anaconda.org/conda-forge/osx-arm64/kiwisolver-1.5.1-py312hee531d8_1.conda
https://conda.anaconda.org/conda-forge/osx-arm64/krb5-1.22.2-h34f8a20_2.conda
https://conda.anaconda.org/conda-forge/noarch/lark-1.3.1-pyhd8ed1ab_0.conda
https://conda.anaconda.org/conda-forge/osx-arm64/lcms2-2.19.1-hce41798_3.conda
https://conda.anaconda.org/conda-forge/osx-arm64/lerc-4.2.0-h1eee2c3_0.conda
https://conda.anaconda.org/conda-forge/osx-arm64/libblas-3.11.0-11_h51639a9_openblas.conda
https://conda.anaconda.org/conda-forge/osx-arm64/libboost-1.85.0-hf763ba5_4.conda
https://conda.anaconda.org/conda-forge/osx-arm64/libboost-devel-1.85.0-hf450f58_4.conda
https://conda.anaconda.org/conda-forge/osx-arm64/libboost-headers-1.85.0-hce30654_4.conda
https://conda.anaconda.org/conda-forge/osx-arm64/libbrotlicommon-1.2.0-h1dcdb26_4.conda
https://conda.anaconda.org/conda-forge/osx-arm64/libbrotlidec-1.2.0-h5295a6a_4.conda
https://conda.anaconda.org/conda-forge/osx-arm64/libbrotlienc-1.2.0-h2ddc9cb_4.conda
https://conda.anaconda.org/conda-forge/osx-arm64/libcblas-3.11.0-11_hb0561ab_openblas.conda
https://conda.anaconda.org/conda-forge/osx-arm64/libcurl-8.21.0-hd5a2499_1.conda
https://conda.anaconda.org/conda-forge/osx-arm64/libcxx-23.1.1-h55c6f16_0.conda
https://conda.anaconda.org/conda-forge/osx-arm64/libdeflate-1.25-he7e0567_1.conda
https://conda.anaconda.org/conda-forge/osx-arm64/libedit-3.1.20250104-pl5321h26f1114_1.conda
https://conda.anaconda.org/conda-forge/osx-arm64/libev-4.33-h1a92334_3.conda
https://conda.anaconda.org/conda-forge/osx-arm64/libexpat-2.8.1-hf6b4638_1.conda
https://conda.anaconda.org/conda-forge/osx-arm64/libffi-3.4.6-h1da3d7d_1.conda
https://conda.anaconda.org/conda-forge/osx-arm64/libfreetype-2.14.3-hce30654_2.conda
https://conda.anaconda.org/conda-forge/osx-arm64/libfreetype6-2.14.3-h2ed5691_2.conda
https://conda.anaconda.org/conda-forge/osx-arm64/libgcc-16.2.0-h3cf6597_5.conda
https://conda.anaconda.org/conda-forge/osx-arm64/libgfortran-16.2.0-h07b0088_5.conda
https://conda.anaconda.org/conda-forge/osx-arm64/libgfortran5-16.2.0-hdb7a957_5.conda
https://conda.anaconda.org/conda-forge/osx-arm64/libjpeg-turbo-3.2.0-h84a0fba_1.conda
https://conda.anaconda.org/conda-forge/osx-arm64/liblapack-3.11.0-11_hd9741b5_openblas.conda
https://conda.anaconda.org/conda-forge/osx-arm64/liblzma-5.8.3-h8088a28_1.conda
https://conda.anaconda.org/conda-forge/osx-arm64/liblzma-devel-5.8.3-h8088a28_1.conda
https://conda.anaconda.org/conda-forge/osx-arm64/libnghttp2-1.68.1-h435687b_1.conda
https://conda.anaconda.org/conda-forge/osx-arm64/libopenblas-0.3.34-openmp_h5e6e99c_1.conda
https://conda.anaconda.org/conda-forge/osx-arm64/libpng-1.6.58-hf5e6511_1.conda
https://conda.anaconda.org/conda-forge/osx-arm64/libsodium-1.0.22-h74c22ad_3.conda
https://conda.anaconda.org/conda-forge/osx-arm64/libsqlite-3.53.4-h34a968b_1.conda
https://conda.anaconda.org/conda-forge/osx-arm64/libssh2-1.11.1-hbf2880b_1.conda
https://conda.anaconda.org/conda-forge/osx-arm64/libtiff-4.7.2-hf67920b_1.conda
https://conda.anaconda.org/conda-forge/osx-arm64/libwebp-base-1.6.0-h202fb40_1.conda
https://conda.anaconda.org/conda-forge/osx-arm64/libxcb-1.17.0-hbffa61f_2.conda
https://conda.anaconda.org/conda-forge/osx-arm64/libzlib-1.3.2-h8088a28_3.conda
https://conda.anaconda.org/conda-forge/osx-arm64/llvm-openmp-23.1.1-hdb3d66b_0.conda
https://conda.anaconda.org/conda-forge/osx-arm64/markupsafe-3.0.3-py312h04c11ed_1.conda
https://conda.anaconda.org/conda-forge/osx-arm64/matplotlib-3.10.9-py312h1f38498_0.conda
https://conda.anaconda.org/conda-forge/osx-arm64/matplotlib-base-3.10.9-py312hf3defc7_0.conda
https://conda.anaconda.org/conda-forge/noarch/matplotlib-inline-0.2.2-pyhd8ed1ab_0.conda
https://conda.anaconda.org/conda-forge/noarch/mistune-3.3.4-pyhcf101f3_0.conda
https://conda.anaconda.org/conda-forge/noarch/munkres-1.1.4-pyhd8ed1ab_1.conda
https://conda.anaconda.org/conda-forge/noarch/nbclient-0.11.0-pyhcf101f3_1.conda
https://conda.anaconda.org/conda-forge/noarch/nbconvert-core-7.17.1-pyhcf101f3_0.conda
https://conda.anaconda.org/conda-forge/noarch/nbformat-5.11.1-pyhcf101f3_0.conda
https://conda.anaconda.org/conda-forge/osx-arm64/ncurses-6.6-he64c551_1.conda
https://conda.anaconda.org/conda-forge/noarch/nest-asyncio2-1.7.2-pyhcf101f3_0.conda
https://conda.anaconda.org/conda-forge/noarch/notebook-7.6.2-pyhcf101f3_0.conda
https://conda.anaconda.org/conda-forge/noarch/notebook-shim-0.2.4-pyhd8ed1ab_1.conda
https://conda.anaconda.org/conda-forge/osx-arm64/numpy-2.3.5-py312he281c53_1.conda
https://conda.anaconda.org/conda-forge/osx-arm64/openjpeg-2.5.4-h4d1e80c_2.conda
https://conda.anaconda.org/conda-forge/osx-arm64/openssl-3.6.4-h55eecbc_0.conda
https://conda.anaconda.org/conda-forge/noarch/overrides-7.7.0-pyhd8ed1ab_1.conda
https://conda.anaconda.org/conda-forge/noarch/packaging-26.3-pyhc364b38_0.conda
https://conda.anaconda.org/conda-forge/noarch/pandocfilters-1.5.0-pyhd8ed1ab_0.tar.bz2
https://conda.anaconda.org/conda-forge/noarch/parso-0.8.7-pyhcf101f3_0.conda
https://conda.anaconda.org/conda-forge/noarch/pexpect-4.9.0-pyhd8ed1ab_1.conda
https://conda.anaconda.org/conda-forge/osx-arm64/pillow-12.3.0-py312hf9dc30a_4.conda
https://conda.anaconda.org/conda-forge/noarch/pip-26.2.1-pyh8b19718_0.conda
https://conda.anaconda.org/conda-forge/noarch/platformdirs-4.11.8-pyh5ded981_0.conda
https://conda.anaconda.org/conda-forge/noarch/pluggy-1.6.0-pyhf9edf01_1.conda
https://conda.anaconda.org/conda-forge/noarch/prometheus_client-0.26.0-pyhd8ed1ab_0.conda
https://conda.anaconda.org/conda-forge/noarch/prompt_toolkit-3.0.53-hd8ed1ab_0.conda
https://conda.anaconda.org/conda-forge/noarch/prompt-toolkit-3.0.53-pyha770c72_0.conda
https://conda.anaconda.org/conda-forge/osx-arm64/psutil-7.2.2-py312hbd136b4_3.conda
https://conda.anaconda.org/conda-forge/osx-arm64/pthread-stubs-0.4-hb001647_1004.conda
https://conda.anaconda.org/conda-forge/noarch/ptyprocess-0.7.0-pyhd8ed1ab_1.conda
https://conda.anaconda.org/conda-forge/noarch/pure_eval-0.2.4-pyhd8ed1ab_0.conda
https://conda.anaconda.org/conda-forge/noarch/pycparser-3.0-pyhcf101f3_0.conda
https://conda.anaconda.org/conda-forge/noarch/pygments-2.21.0-pyhcf101f3_0.conda
https://conda.anaconda.org/conda-forge/osx-arm64/pyobjc-core-12.0-py312h58217c4_0.conda
https://conda.anaconda.org/conda-forge/osx-arm64/pyobjc-framework-cocoa-12.0-py312hbad3f7d_0.conda
https://conda.anaconda.org/conda-forge/noarch/pyparsing-3.3.2-pyhcf101f3_0.conda
https://conda.anaconda.org/conda-forge/noarch/pysocks-1.7.1-pyha55dd90_7.conda
https://conda.anaconda.org/conda-forge/noarch/pytest-8.3.3-pyhd8ed1ab_0.conda
https://conda.anaconda.org/conda-forge/osx-arm64/python-3.12.12-hec0b533_0_cpython.conda
https://conda.anaconda.org/conda-forge/noarch/python_abi-3.12-9_cp312.conda
https://conda.anaconda.org/conda-forge/noarch/python-dateutil-2.9.0.post0-pyhe01879c_2.conda
https://conda.anaconda.org/conda-forge/noarch/python-fastjsonschema-2.22.2-pyhcf101f3_0.conda
https://conda.anaconda.org/conda-forge/noarch/python-gil-3.12.14-hd8ed1ab_3.conda
https://conda.anaconda.org/conda-forge/noarch/python-json-logger-4.2.0-pyhd8ed1ab_0.conda
https://conda.anaconda.org/conda-forge/noarch/python-tzdata-2026.3-pyhd8ed1ab_0.conda
https://conda.anaconda.org/conda-forge/osx-arm64/pyyaml-6.0.3-py312h04c11ed_1.conda
https://conda.anaconda.org/conda-forge/osx-arm64/pyzmq-27.2.0-py312hdfb5542_2.conda
https://conda.anaconda.org/conda-forge/osx-arm64/qhull-2020.2-h420ef59_5.conda
https://conda.anaconda.org/conda-forge/osx-arm64/readline-8.3-h8b90a29_1.conda
https://conda.anaconda.org/conda-forge/noarch/referencing-0.37.0-pyhcf101f3_0.conda
https://conda.anaconda.org/conda-forge/noarch/requests-2.34.2-pyhcf101f3_0.conda
https://conda.anaconda.org/conda-forge/noarch/rfc3339-validator-0.1.4-pyhd8ed1ab_1.conda
https://conda.anaconda.org/conda-forge/noarch/rfc3986-validator-0.1.1-pyh9f0ad1d_0.tar.bz2
https://conda.anaconda.org/conda-forge/noarch/rfc3987-syntax-1.1.0-pyhe01879c_1.conda
https://conda.anaconda.org/conda-forge/osx-arm64/rpds-py-2026.6.3-py312ha80e978_2.conda
https://conda.anaconda.org/conda-forge/noarch/send2trash-2.1.0-pyh5552912_1.conda
https://conda.anaconda.org/conda-forge/noarch/setuptools-84.0.0-pyh332efcf_0.conda
https://conda.anaconda.org/conda-forge/noarch/six-1.17.0-pyhe01879c_1.conda
https://conda.anaconda.org/conda-forge/noarch/sniffio-1.3.1-pyhd8ed1ab_2.conda
https://conda.anaconda.org/conda-forge/noarch/soupsieve-2.9.2-pyhd8ed1ab_0.conda
https://conda.anaconda.org/conda-forge/noarch/stack_data-0.6.3-pyhd8ed1ab_1.conda
https://conda.anaconda.org/conda-forge/noarch/terminado-0.18.1-pyhc90fa1f_1.conda
https://conda.anaconda.org/conda-forge/noarch/tinycss2-1.4.0-pyhd8ed1ab_0.conda
https://conda.anaconda.org/conda-forge/osx-arm64/tk-8.6.13-hbeba79b_4.conda
https://conda.anaconda.org/conda-forge/noarch/tomli-2.4.1-pyhcf101f3_0.conda
https://conda.anaconda.org/conda-forge/osx-arm64/tornado-6.5.8-py312h580468c_2.conda
https://conda.anaconda.org/conda-forge/noarch/traitlets-5.16.1-pyhcf101f3_0.conda
https://conda.anaconda.org/conda-forge/noarch/typing_extensions-4.16.0-pyhcf101f3_0.conda
https://conda.anaconda.org/conda-forge/noarch/typing_utils-0.1.0-pyhd8ed1ab_1.conda
https://conda.anaconda.org/conda-forge/noarch/typing-extensions-4.16.0-h69aa097_0.conda
https://conda.anaconda.org/conda-forge/noarch/tzdata-2026c-h151e31d_0.conda
https://conda.anaconda.org/conda-forge/osx-arm64/unicodedata2-17.0.1-py312h580468c_1.conda
https://conda.anaconda.org/conda-forge/noarch/uri-template-1.3.0-pyhd8ed1ab_1.conda
https://conda.anaconda.org/conda-forge/noarch/urllib3-2.8.0-pyhd8ed1ab_0.conda
https://cxc.cfa.harvard.edu/conda/ciao/osx-arm64/wcssubs-3.950-hfde8e72_1.tar.bz2
https://conda.anaconda.org/conda-forge/noarch/wcwidth-0.8.3-pyhcf101f3_0.conda
https://conda.anaconda.org/conda-forge/noarch/webcolors-25.10.0-pyhd8ed1ab_0.conda
https://conda.anaconda.org/conda-forge/noarch/webencodings-0.5.1-pyhd8ed1ab_3.conda
https://conda.anaconda.org/conda-forge/noarch/websocket-client-1.9.2-pyh5ded981_1.conda
https://conda.anaconda.org/conda-forge/noarch/wheel-0.48.0-pyhd8ed1ab_0.conda
https://conda.anaconda.org/conda-forge/noarch/widgetsnbextension-4.0.16-pyhd8ed1ab_0.conda
https://conda.anaconda.org/conda-forge/osx-arm64/xerces-c-3.3.0-hd62221f_0.conda
https://conda.anaconda.org/conda-forge/osx-arm64/xorg-libxau-1.0.12-hb001647_2.conda
https://conda.anaconda.org/conda-forge/osx-arm64/xorg-libxdmcp-1.1.5-hb001647_2.conda
https://cxc.cfa.harvard.edu/conda/ciao/osx-arm64/xpa-2.1.20-hfde8e72_1.tar.bz2
https://conda.anaconda.org/conda-forge/osx-arm64/xz-5.8.3-hd0f0c4f_1.conda
https://conda.anaconda.org/conda-forge/osx-arm64/xz-gpl-tools-5.8.3-hd0f0c4f_1.conda
https://conda.anaconda.org/conda-forge/osx-arm64/xz-tools-5.8.3-h8088a28_1.conda
https://conda.anaconda.org/conda-forge/osx-arm64/yaml-0.2.5-h925e9cb_3.conda
https://conda.anaconda.org/conda-forge/osx-arm64/zeromq-4.3.5-h6eb0046_12.conda
https://conda.anaconda.org/conda-forge/noarch/zipp-4.1.0-pyhcf101f3_0.conda
https://conda.anaconda.org/conda-forge/osx-arm64/zlib-1.3.2-h8088a28_3.conda
https://conda.anaconda.org/conda-forge/osx-arm64/zlib-ng-2.3.3-hed4e4f5_1.conda
https://conda.anaconda.org/conda-forge/osx-arm64/zstd-1.5.7-hf451053_7.conda
