List of packages in environment: "output/toolchains/gemini/env"

https://conda.anaconda.org/conda-forge/osx-64/_openmp_mutex-4.5-8_kmp_llvm.conda
https://conda.anaconda.org/conda-forge/noarch/_python_abi3_support-1.0-hd8ed1ab_3.conda
https://conda.anaconda.org/conda-forge/noarch/aiobotocore-3.9.1-pyh5ded981_0.conda
https://conda.anaconda.org/conda-forge/noarch/aiohappyeyeballs-2.7.1-pyhd8ed1ab_0.conda
https://conda.anaconda.org/conda-forge/osx-64/aiohttp-3.14.3-py312h0b1c2f0_0.conda
https://conda.anaconda.org/conda-forge/noarch/aioitertools-0.13.0-pyhd8ed1ab_0.conda
https://conda.anaconda.org/conda-forge/noarch/aiosignal-1.4.0-pyhd8ed1ab_0.conda
https://conda.anaconda.org/conda-forge/noarch/appnope-1.0.0-pyhcf101f3_0.conda
https://conda.anaconda.org/conda-forge/noarch/asdf-5.4.0-pyhd8ed1ab_0.conda
https://conda.anaconda.org/conda-forge/noarch/asdf-astropy-0.11.0-pyhd8ed1ab_0.conda
https://conda.anaconda.org/conda-forge/noarch/asdf-coordinates-schemas-0.5.1-pyhd8ed1ab_0.conda
https://conda.anaconda.org/conda-forge/noarch/asdf-standard-1.5.0-pyhd8ed1ab_0.conda
https://conda.anaconda.org/conda-forge/noarch/asdf-transform-schemas-0.6.0-pyhd8ed1ab_0.conda
https://conda.anaconda.org/conda-forge/noarch/asdf-wcs-schemas-0.5.0-pyhd8ed1ab_0.conda
https://conda.anaconda.org/conda-forge/noarch/astropy-8.0.1-pyhd8ed1ab_1.conda
https://conda.anaconda.org/conda-forge/osx-64/astropy-base-8.0.1-py312h7393e0f_1.conda
https://conda.anaconda.org/conda-forge/noarch/astropy-iers-data-0.2026.9.14.0.56.43-pyhd8ed1ab_0.conda
https://conda.anaconda.org/conda-forge/osx-64/astroscrappy-1.2.0-py312h80b0991_2.conda
https://conda.anaconda.org/conda-forge/noarch/asttokens-3.0.2-pyhd8ed1ab_0.conda
https://conda.anaconda.org/conda-forge/noarch/attrs-26.1.0-pyhcf101f3_0.conda
https://conda.anaconda.org/conda-forge/osx-64/aws-c-auth-0.10.4-h74cc20c_1.conda
https://conda.anaconda.org/conda-forge/osx-64/aws-c-cal-0.9.14-h1727fe8_4.conda
https://conda.anaconda.org/conda-forge/osx-64/aws-c-common-0.14.2-ha1e9b39_0.conda
https://conda.anaconda.org/conda-forge/osx-64/aws-c-compression-0.3.2-h83f6fd2_4.conda
https://conda.anaconda.org/conda-forge/osx-64/aws-c-event-stream-0.7.1-h8a1f669_4.conda
https://conda.anaconda.org/conda-forge/osx-64/aws-c-http-0.11.0-h6a26125_4.conda
https://conda.anaconda.org/conda-forge/osx-64/aws-c-io-0.27.3-h1fab602_1.conda
https://conda.anaconda.org/conda-forge/osx-64/aws-c-mqtt-0.16.0-h3619873_2.conda
https://conda.anaconda.org/conda-forge/osx-64/aws-c-s3-0.12.8-h4da758a_1.conda
https://conda.anaconda.org/conda-forge/osx-64/aws-c-sdkutils-0.2.7-h83f6fd2_2.conda
https://conda.anaconda.org/conda-forge/osx-64/aws-checksums-0.2.10-h83f6fd2_4.conda
https://conda.anaconda.org/conda-forge/osx-64/aws-crt-cpp-0.40.1-hfc09f7c_3.conda
https://conda.anaconda.org/conda-forge/osx-64/aws-sdk-cpp-1.11.833-hcd60bbe_9.conda
https://conda.anaconda.org/conda-forge/osx-64/azure-core-cpp-1.16.3-hce1ca1b_0.conda
https://conda.anaconda.org/conda-forge/osx-64/azure-identity-cpp-1.13.3-hfaa3f56_2.conda
https://conda.anaconda.org/conda-forge/osx-64/azure-storage-blobs-cpp-12.18.0-h5a4125c_1.conda
https://conda.anaconda.org/conda-forge/osx-64/azure-storage-common-cpp-12.14.0-hdf1104b_1.conda
https://conda.anaconda.org/conda-forge/osx-64/azure-storage-files-datalake-cpp-12.16.0-hf005220_1.conda
https://conda.anaconda.org/conda-forge/osx-64/backports.zstd-1.7.0-py312h4d5ea9f_1.conda
https://conda.anaconda.org/conda-forge/noarch/beautifulsoup4-4.15.0-pyha770c72_0.conda
https://conda.anaconda.org/conda-forge/noarch/bleach-6.4.0-pyhcf101f3_0.conda
https://conda.anaconda.org/conda-forge/noarch/bokeh-3.9.2-pyhd8ed1ab_0.conda
https://conda.anaconda.org/conda-forge/noarch/botocore-1.43.75-pyhd8ed1ab_0.conda
https://conda.anaconda.org/conda-forge/osx-64/bottleneck-1.6.0-np2py312ha20fd59_4.conda
https://conda.anaconda.org/conda-forge/noarch/bqplot-0.13.1-pyhcf101f3_0.conda
https://conda.anaconda.org/conda-forge/noarch/bqscales-0.3.7-pyhd8ed1ab_1.conda
https://conda.anaconda.org/conda-forge/osx-64/brotli-1.2.0-ha9642f3_4.conda
https://conda.anaconda.org/conda-forge/osx-64/brotli-bin-1.2.0-h086410e_4.conda
https://conda.anaconda.org/conda-forge/osx-64/brotli-python-1.2.0-py312h521c6ff_4.conda
https://conda.anaconda.org/conda-forge/osx-64/bzip2-1.0.8-h374f1ed_10.conda
https://conda.anaconda.org/conda-forge/osx-64/c-ares-1.34.8-had63097_2.conda
https://conda.anaconda.org/conda-forge/noarch/ca-certificates-2026.7.22-hbd8a1cb_0.conda
https://conda.anaconda.org/conda-forge/noarch/cached-property-2.0.1-pyhcf101f3_0.conda
https://conda.anaconda.org/conda-forge/noarch/cached_property-2.0.1-pyhcf101f3_0.conda
https://conda.anaconda.org/conda-forge/osx-64/cairo-1.18.4-h5791faa_3.conda
https://conda.anaconda.org/conda-forge/noarch/certifi-2026.7.22-pyhd8ed1ab_0.conda
https://conda.anaconda.org/conda-forge/osx-64/cfitsio-4.6.3-hf728c8e_0.conda
https://conda.anaconda.org/conda-forge/noarch/charset-normalizer-3.5.1-pyhd8ed1ab_0.conda
https://conda.anaconda.org/conda-forge/noarch/click-8.5.0-pyh5ded981_0.conda
https://conda.anaconda.org/conda-forge/noarch/cloudpickle-3.1.2-pyhcf101f3_1.conda
https://conda.anaconda.org/conda-forge/noarch/colorcet-3.2.1-pyhd8ed1ab_0.conda
https://conda.anaconda.org/conda-forge/noarch/comm-0.2.3-pyhe01879c_0.conda
https://conda.anaconda.org/conda-forge/osx-64/contourpy-1.4.0-py312hcba6f97_1.conda
https://conda.anaconda.org/conda-forge/noarch/cpython-3.12.14-py312hd8ed1ab_3.conda
https://conda.anaconda.org/conda-forge/noarch/cycler-0.12.1-pyhcf101f3_2.conda
https://conda.anaconda.org/conda-forge/noarch/dask-core-2026.8.0-pyhc364b38_0.conda
https://conda.anaconda.org/conda-forge/osx-64/debugpy-1.8.22-py312haab1465_0.conda
http://astroconda.gemini.edu/public/osx-64/dragons-4.2.2-py312_0.conda
https://conda.anaconda.org/conda-forge/noarch/executing-2.2.1-pyhd8ed1ab_0.conda
https://conda.anaconda.org/conda-forge/osx-64/fftw-3.3.11-nompi_h54214ab_100.conda
http://astroconda.gemini.edu/public/noarch/fits_storage-3.6.2-py_0.conda
https://conda.anaconda.org/conda-forge/osx-64/fitsverify-4.22-h9b1dcca_7.conda
https://conda.anaconda.org/conda-forge/noarch/font-ttf-dejavu-sans-mono-2.37-hab24e00_0.tar.bz2
https://conda.anaconda.org/conda-forge/noarch/font-ttf-inconsolata-3.000-h77eed37_0.tar.bz2
https://conda.anaconda.org/conda-forge/noarch/font-ttf-source-code-pro-2.038-h77eed37_0.tar.bz2
https://conda.anaconda.org/conda-forge/noarch/font-ttf-ubuntu-0.83-h77eed37_3.conda
https://conda.anaconda.org/conda-forge/osx-64/fontconfig-2.18.3-h7f3b9c9_1.conda
https://conda.anaconda.org/conda-forge/noarch/fonts-conda-ecosystem-1-0.tar.bz2
https://conda.anaconda.org/conda-forge/noarch/fonts-conda-forge-1-hc364b38_1.conda
https://conda.anaconda.org/conda-forge/osx-64/fonttools-4.65.0-py312hbb2d1fb_0.conda
https://conda.anaconda.org/conda-forge/osx-64/freetype-2.14.3-h694c41f_2.conda
https://conda.anaconda.org/conda-forge/osx-64/fribidi-1.0.16-hd115831_2.conda
https://conda.anaconda.org/conda-forge/osx-64/frozenlist-1.8.0-py312h90c63f8_0.conda
https://conda.anaconda.org/conda-forge/noarch/fsspec-2026.7.0-pyhd8ed1ab_0.conda
https://conda.anaconda.org/conda-forge/noarch/future-1.0.0-pyhd8ed1ab_2.conda
https://conda.anaconda.org/conda-forge/noarch/gast-0.7.0-pyhd8ed1ab_0.conda
https://conda.anaconda.org/conda-forge/osx-64/gflags-2.3.1-h2fb4741_0.conda
https://conda.anaconda.org/conda-forge/osx-64/glog-0.7.1-h90d9b41_1.conda
https://conda.anaconda.org/conda-forge/osx-64/graphite2-1.3.15-hcc62823_1.conda
https://conda.anaconda.org/conda-forge/osx-64/greenlet-3.5.6-py312haab1465_0.conda
https://conda.anaconda.org/conda-forge/noarch/gwcs-0.26.1-pyhd8ed1ab_0.conda
https://conda.anaconda.org/conda-forge/noarch/h2-4.4.1-pyhcf101f3_0.conda
https://conda.anaconda.org/conda-forge/osx-64/h5py-3.16.0-nompi_py312h8de405c_104.conda
https://conda.anaconda.org/conda-forge/osx-64/hdf5-1.14.6-nompi_h13accda_110.conda
https://conda.anaconda.org/conda-forge/noarch/holoviews-1.23.2-pyhd8ed1ab_0.conda
https://conda.anaconda.org/conda-forge/noarch/hpack-4.2.0-pyhd8ed1ab_0.conda
https://conda.anaconda.org/conda-forge/noarch/html5lib-1.1-pyhd8ed1ab_2.conda
https://conda.anaconda.org/conda-forge/noarch/hyperframe-6.1.0-pyhd8ed1ab_0.conda
https://conda.anaconda.org/conda-forge/osx-64/icu-78.3-py313hbf1d544_2.conda
https://conda.anaconda.org/conda-forge/noarch/idna-3.19-pyhcf101f3_0.conda
https://conda.anaconda.org/conda-forge/noarch/imageio-2.37.4-pyh5ded981_0.conda
https://conda.anaconda.org/conda-forge/noarch/importlib-metadata-9.0.1-pyhcf101f3_0.conda
https://conda.anaconda.org/conda-forge/noarch/ipydatagrid-1.4.0-pyhcf101f3_2.conda
https://conda.anaconda.org/conda-forge/noarch/ipykernel-7.3.0-pyh01cf8df_0.conda
https://conda.anaconda.org/conda-forge/noarch/ipython-9.17.1-pyh53cf698_0.conda
https://conda.anaconda.org/conda-forge/noarch/ipython_pygments_lexers-1.1.1-pyhd8ed1ab_0.conda
https://conda.anaconda.org/conda-forge/noarch/ipywidgets-8.1.9-pyhd8ed1ab_0.conda
https://conda.anaconda.org/conda-forge/noarch/jedi-0.20.0-pyhcf101f3_0.conda
https://conda.anaconda.org/conda-forge/noarch/jinja2-3.1.6-pyhcf101f3_1.conda
https://conda.anaconda.org/conda-forge/noarch/jmespath-1.1.0-pyhcf101f3_1.conda
https://conda.anaconda.org/conda-forge/noarch/jplephem-2.24-pyha4b2019_1.conda
https://conda.anaconda.org/conda-forge/noarch/jsonschema-4.26.0-pyhcf101f3_1.conda
https://conda.anaconda.org/conda-forge/noarch/jsonschema-specifications-2025.9.1-pyhcf101f3_0.conda
https://conda.anaconda.org/conda-forge/noarch/jupyter_client-8.10.0-pyhcf101f3_0.conda
https://conda.anaconda.org/conda-forge/noarch/jupyter_core-5.9.1-pyhc90fa1f_0.conda
https://conda.anaconda.org/conda-forge/noarch/jupyterlab_widgets-3.0.17-pyhcf101f3_0.conda
https://conda.anaconda.org/conda-forge/osx-64/kiwisolver-1.5.1-py312hcba6f97_1.conda
https://conda.anaconda.org/conda-forge/osx-64/krb5-1.22.2-h69064fd_2.conda
https://conda.anaconda.org/conda-forge/noarch/lazy-loader-0.5-pyhd8ed1ab_0.conda
https://conda.anaconda.org/conda-forge/osx-64/lcms2-2.19.1-h4e6bd4b_3.conda
https://conda.anaconda.org/conda-forge/osx-64/lerc-4.2.0-h35c7297_0.conda
https://conda.anaconda.org/conda-forge/osx-64/libabseil-20260526.0-cxx17_h6e8c311_2.conda
https://conda.anaconda.org/conda-forge/osx-64/libaec-1.1.5-he7c3a48_0.conda
https://conda.anaconda.org/conda-forge/osx-64/libarrow-25.0.0-he333e4a_4_cpu.conda
https://conda.anaconda.org/conda-forge/osx-64/libarrow-acero-25.0.0-h620650e_4_cpu.conda
https://conda.anaconda.org/conda-forge/osx-64/libarrow-compute-25.0.0-h03721a0_4_cpu.conda
https://conda.anaconda.org/conda-forge/osx-64/libarrow-dataset-25.0.0-h620650e_4_cpu.conda
https://conda.anaconda.org/conda-forge/osx-64/libarrow-substrait-25.0.0-h0ec1645_4_cpu.conda
https://conda.anaconda.org/conda-forge/osx-64/libblas-3.11.0-11_he492b99_openblas.conda
https://conda.anaconda.org/conda-forge/osx-64/libbrotlicommon-1.2.0-he0616a4_4.conda
https://conda.anaconda.org/conda-forge/osx-64/libbrotlidec-1.2.0-h4a2f56c_4.conda
https://conda.anaconda.org/conda-forge/osx-64/libbrotlienc-1.2.0-h3d41943_4.conda
https://conda.anaconda.org/conda-forge/osx-64/libcblas-3.11.0-11_h9b27e0a_openblas.conda
https://conda.anaconda.org/conda-forge/osx-64/libcrc32c-1.1.2-he49afe7_0.tar.bz2
https://conda.anaconda.org/conda-forge/osx-64/libcurl-8.22.0-h5318221_0.conda
https://conda.anaconda.org/conda-forge/osx-64/libcxx-23.1.1-h19cb2f5_0.conda
https://conda.anaconda.org/conda-forge/osx-64/libdeflate-1.25-h7ad9622_1.conda
https://conda.anaconda.org/conda-forge/osx-64/libedit-3.1.20250104-pl5321hba2e2ab_1.conda
https://conda.anaconda.org/conda-forge/osx-64/libev-4.33-ha3d0635_3.conda
https://conda.anaconda.org/conda-forge/osx-64/libevent-2.1.12-hf6fecaa_2.conda
https://conda.anaconda.org/conda-forge/osx-64/libexpat-2.8.1-hcc62823_1.conda
https://conda.anaconda.org/conda-forge/osx-64/libffi-3.7.0-h6b3a05b_1.conda
https://conda.anaconda.org/conda-forge/osx-64/libfreetype-2.14.3-h694c41f_2.conda
https://conda.anaconda.org/conda-forge/osx-64/libfreetype6-2.14.3-h8afe040_2.conda
https://conda.anaconda.org/conda-forge/osx-64/libgcc-16.2.0-h13771c8_5.conda
https://conda.anaconda.org/conda-forge/osx-64/libgfortran-16.2.0-h7e5c614_5.conda
https://conda.anaconda.org/conda-forge/osx-64/libgfortran5-16.2.0-h2539e6c_5.conda
https://conda.anaconda.org/conda-forge/osx-64/libglib-2.90.0-h7e55108_0.conda
https://conda.anaconda.org/conda-forge/osx-64/libgoogle-cloud-3.8.0-he806f76_0.conda
https://conda.anaconda.org/conda-forge/osx-64/libgoogle-cloud-storage-3.8.0-h1159701_0.conda
https://conda.anaconda.org/conda-forge/osx-64/libgrpc-1.82.1-h00dac5a_0.conda
https://conda.anaconda.org/conda-forge/osx-64/libharfbuzz-14.4.0-h2974713_1.conda
https://conda.anaconda.org/conda-forge/osx-64/libiconv-1.18-h4ae439b_3.conda
https://conda.anaconda.org/conda-forge/osx-64/libintl-0.25.1-h3184127_1.conda
https://conda.anaconda.org/conda-forge/osx-64/libjpeg-turbo-3.2.0-ha1e9b39_1.conda
https://conda.anaconda.org/conda-forge/osx-64/liblapack-3.11.0-11_h859234e_openblas.conda
https://conda.anaconda.org/conda-forge/osx-64/liblzma-5.8.3-hbb4bfdb_1.conda
https://conda.anaconda.org/conda-forge/osx-64/libnghttp2-1.68.1-h1e30255_1.conda
https://conda.anaconda.org/conda-forge/osx-64/libopenblas-0.3.34-openmp_h9e49c7b_1.conda
https://conda.anaconda.org/conda-forge/osx-64/libopentelemetry-cpp-1.27.0-h3bf6f87_1.conda
https://conda.anaconda.org/conda-forge/osx-64/libopentelemetry-cpp-headers-1.27.0-h694c41f_1.conda
https://conda.anaconda.org/conda-forge/osx-64/libparquet-25.0.0-hd9337e7_4_cpu.conda
https://conda.anaconda.org/conda-forge/osx-64/libpng-1.6.58-h4382c61_1.conda
https://conda.anaconda.org/conda-forge/osx-64/libprotobuf-7.35.1-h535088a_3.conda
https://conda.anaconda.org/conda-forge/osx-64/libpsl-0.23.1-h7ff43d8_1.conda
https://conda.anaconda.org/conda-forge/osx-64/libpython-3.12.14-h31af0e7_3_cpython.conda
https://conda.anaconda.org/conda-forge/osx-64/libraqm-0.11.0-h1888d0e_0.conda
https://conda.anaconda.org/conda-forge/osx-64/libre2-11-2025.11.05-h962f25e_2.conda
https://conda.anaconda.org/conda-forge/osx-64/libsodium-1.0.22-had63097_3.conda
https://conda.anaconda.org/conda-forge/osx-64/libsqlite-3.53.4-ha5db789_1.conda
https://conda.anaconda.org/conda-forge/osx-64/libssh2-1.11.1-hd53bb72_1.conda
https://conda.anaconda.org/conda-forge/osx-64/libthrift-0.22.0-hebea4ca_2.conda
https://conda.anaconda.org/conda-forge/osx-64/libtiff-4.7.2-h01c3a8c_1.conda
https://conda.anaconda.org/conda-forge/osx-64/libutf8proc-2.11.3-hc282952_0.conda
https://conda.anaconda.org/conda-forge/osx-64/libwebp-base-1.6.0-hb276fe9_1.conda
https://conda.anaconda.org/conda-forge/osx-64/libxcb-1.17.0-h2478c6c_1.conda
https://conda.anaconda.org/conda-forge/osx-64/libxml2-2.15.4-hb56241c_0.conda
https://conda.anaconda.org/conda-forge/osx-64/libxml2-16-2.15.4-h8376fb4_0.conda
https://conda.anaconda.org/conda-forge/osx-64/libzlib-1.3.2-hbb4bfdb_3.conda
https://conda.anaconda.org/conda-forge/noarch/linkify-it-py-2.2.0-pyhcf101f3_0.conda
https://conda.anaconda.org/conda-forge/osx-64/llvm-openmp-23.1.1-h8c1e6b9_0.conda
https://conda.anaconda.org/conda-forge/noarch/locket-1.0.0-pyhd8ed1ab_0.tar.bz2
https://conda.anaconda.org/conda-forge/osx-64/lz4-c-1.10.0-hc569e58_2.conda
https://conda.anaconda.org/conda-forge/noarch/markdown-3.10.3-pyhcf101f3_0.conda
https://conda.anaconda.org/conda-forge/noarch/markdown-it-py-4.2.0-pyhd8ed1ab_0.conda
https://conda.anaconda.org/conda-forge/osx-64/markupsafe-3.0.3-py312heb39f77_1.conda
https://conda.anaconda.org/conda-forge/osx-64/matplotlib-3.11.2-py312had31f23_0.conda
https://conda.anaconda.org/conda-forge/osx-64/matplotlib-base-3.11.2-py312had7407c_0.conda
https://conda.anaconda.org/conda-forge/noarch/matplotlib-inline-0.2.2-pyhd8ed1ab_0.conda
https://conda.anaconda.org/conda-forge/noarch/mdit-py-plugins-0.6.1-pyhd8ed1ab_0.conda
https://conda.anaconda.org/conda-forge/noarch/mdurl-0.1.2-pyhd8ed1ab_1.conda
https://conda.anaconda.org/conda-forge/noarch/mpl_animators-1.2.4-pyhd8ed1ab_0.conda
https://conda.anaconda.org/conda-forge/noarch/mpmath-1.4.1-pyhd8ed1ab_0.conda
https://conda.anaconda.org/conda-forge/osx-64/multidict-6.7.1-py312hfc03ebc_0.conda
https://conda.anaconda.org/conda-forge/noarch/munkres-1.1.4-pyhd8ed1ab_1.conda
https://conda.anaconda.org/conda-forge/noarch/narwhals-2.26.0-pyh5ded981_0.conda
https://conda.anaconda.org/conda-forge/osx-64/ncurses-6.6-hcc0dc9a_1.conda
https://conda.anaconda.org/conda-forge/noarch/ndcube-2.4.0-pyhd8ed1ab_0.conda
https://conda.anaconda.org/conda-forge/noarch/nest-asyncio2-1.7.2-pyhcf101f3_0.conda
https://conda.anaconda.org/conda-forge/noarch/networkx-3.6.1-pyhcf101f3_0.conda
https://conda.anaconda.org/conda-forge/osx-64/nh3-0.3.7-py310h506c6ca_0.conda
https://conda.anaconda.org/conda-forge/osx-64/nlohmann_json-3.12.0-h2fb4741_2.conda
https://conda.anaconda.org/conda-forge/osx-64/numpy-2.5.3-py312h66ee8b4_0.conda
https://conda.anaconda.org/conda-forge/osx-64/openjpeg-2.5.4-he4eae51_1.conda
https://conda.anaconda.org/conda-forge/osx-64/openssl-3.6.4-h332eb6d_0.conda
https://conda.anaconda.org/conda-forge/osx-64/orc-2.3.1-h982cfee_0.conda
https://conda.anaconda.org/conda-forge/noarch/packaging-26.3-pyhc364b38_0.conda
https://conda.anaconda.org/conda-forge/osx-64/pandas-3.0.6-np2py312h8f69d42_0.conda
https://conda.anaconda.org/conda-forge/noarch/panel-1.9.4-pyhd8ed1ab_0.conda
https://conda.anaconda.org/conda-forge/noarch/panel-core-1.9.4-pyha770c72_0.conda
https://conda.anaconda.org/conda-forge/noarch/panel-material-ui-0.14.1-pyhd8ed1ab_0.conda
https://conda.anaconda.org/conda-forge/noarch/param-2.4.2-pyhc455866_0.conda
https://conda.anaconda.org/conda-forge/noarch/parso-0.8.7-pyhcf101f3_0.conda
https://conda.anaconda.org/conda-forge/noarch/partd-1.4.2-pyhd8ed1ab_0.conda
https://conda.anaconda.org/conda-forge/osx-64/pcre2-10.47-h31793e3_1.conda
https://conda.anaconda.org/conda-forge/noarch/pexpect-4.9.0-pyhd8ed1ab_1.conda
https://conda.anaconda.org/conda-forge/osx-64/pillow-12.3.0-py312hf0f7b82_4.conda
https://conda.anaconda.org/conda-forge/noarch/pip-26.2.1-pyh8b19718_0.conda
https://conda.anaconda.org/conda-forge/osx-64/pixman-0.46.4-h2fb4741_3.conda
https://conda.anaconda.org/conda-forge/noarch/platformdirs-4.11.8-pyh5ded981_0.conda
https://conda.anaconda.org/conda-forge/osx-64/prometheus-cpp-1.3.0-ha40a039_1.conda
https://conda.anaconda.org/conda-forge/noarch/prompt-toolkit-3.0.53-pyha770c72_0.conda
https://conda.anaconda.org/conda-forge/osx-64/propcache-0.5.2-py312heb39f77_0.conda
https://conda.anaconda.org/conda-forge/osx-64/psutil-7.2.2-py312hdc27ec5_3.conda
https://conda.anaconda.org/conda-forge/osx-64/pthread-stubs-0.4-hd115831_1004.conda
https://conda.anaconda.org/conda-forge/noarch/ptyprocess-0.7.0-pyhd8ed1ab_1.conda
https://conda.anaconda.org/conda-forge/noarch/pure_eval-0.2.4-pyhd8ed1ab_0.conda
https://conda.anaconda.org/conda-forge/noarch/py2vega-0.7.0-pyhd8ed1ab_0.conda
https://conda.anaconda.org/conda-forge/osx-64/pyarrow-25.0.0-py312hb401068_0.conda
https://conda.anaconda.org/conda-forge/osx-64/pyarrow-core-25.0.0-py312h3987635_0_cpu.conda
https://conda.anaconda.org/conda-forge/osx-64/pyerfa-2.0.1.5-py310hcbffc5d_2.conda
https://conda.anaconda.org/conda-forge/noarch/pygments-2.21.0-pyhcf101f3_0.conda
https://conda.anaconda.org/conda-forge/noarch/pyparsing-3.3.2-pyhcf101f3_0.conda
https://conda.anaconda.org/conda-forge/noarch/pysocks-1.7.1-pyha55dd90_7.conda
https://conda.anaconda.org/conda-forge/osx-64/python-3.12.14-h6907cb8_3_cpython.conda
https://conda.anaconda.org/conda-forge/noarch/python-dateutil-2.9.0.post0-pyhe01879c_2.conda
https://conda.anaconda.org/conda-forge/noarch/python-gil-3.12.14-hd8ed1ab_3.conda
https://conda.anaconda.org/conda-forge/noarch/python_abi-3.12-9_cp312.conda
https://conda.anaconda.org/conda-forge/noarch/pytz-2026.3.post1-pyhcf101f3_0.conda
https://conda.anaconda.org/conda-forge/noarch/pyviz_comms-3.0.6-pyhd8ed1ab_0.conda
https://conda.anaconda.org/conda-forge/noarch/pyvo-1.9.1-pyhd8ed1ab_0.conda
https://conda.anaconda.org/conda-forge/osx-64/pyyaml-6.0.3-py312h51361c1_1.conda
https://conda.anaconda.org/conda-forge/osx-64/pyzmq-27.2.0-py312h4f3d509_2.conda
https://conda.anaconda.org/conda-forge/osx-64/qhull-2020.2-h3c5361c_5.conda
https://conda.anaconda.org/conda-forge/osx-64/re2-2025.11.05-hcc9a9c6_2.conda
https://conda.anaconda.org/conda-forge/osx-64/readline-8.3-h000c2f7_1.conda
https://conda.anaconda.org/conda-forge/noarch/referencing-0.37.0-pyhcf101f3_0.conda
https://conda.anaconda.org/conda-forge/noarch/requests-2.34.2-pyhcf101f3_0.conda
https://conda.anaconda.org/conda-forge/osx-64/rpds-py-2026.6.3-py312h3b11fa5_2.conda
https://conda.anaconda.org/conda-forge/osx-64/s2n-1.7.5-he8c8f02_1.conda
https://conda.anaconda.org/conda-forge/noarch/s3fs-2026.7.0-pyhd8ed1ab_0.conda
https://conda.anaconda.org/conda-forge/osx-64/scikit-image-0.26.0-np2py312hd75a60c_0.conda
https://conda.anaconda.org/conda-forge/osx-64/scipy-1.18.1-py312h81fa79e_0.conda
https://conda.anaconda.org/conda-forge/noarch/semantic_version-2.10.0-pyhd8ed1ab_0.tar.bz2
https://conda.anaconda.org/conda-forge/noarch/setuptools-84.0.0-pyh332efcf_0.conda
http://astroconda.gemini.edu/public/osx-64/sextractor-2.19.5-0.tar.bz2
https://conda.anaconda.org/conda-forge/noarch/six-1.17.0-pyhe01879c_1.conda
https://conda.anaconda.org/conda-forge/osx-64/snappy-1.2.2-h01f5ddf_1.conda
https://conda.anaconda.org/conda-forge/noarch/sortedcontainers-2.4.0-pyhd8ed1ab_1.conda
https://conda.anaconda.org/conda-forge/noarch/soupsieve-2.9.2-pyhd8ed1ab_0.conda
https://conda.anaconda.org/conda-forge/noarch/specutils-2.4.0-pyhd8ed1ab_0.conda
https://conda.anaconda.org/conda-forge/osx-64/sqlalchemy-2.0.52-py312hba6025d_0.conda
https://conda.anaconda.org/conda-forge/noarch/stack_data-0.6.3-pyhd8ed1ab_1.conda
https://conda.anaconda.org/conda-forge/noarch/tifffile-2026.9.15-pyhc364b38_0.conda
https://conda.anaconda.org/conda-forge/osx-64/tk-8.6.13-ha6c374e_4.conda
https://conda.anaconda.org/conda-forge/noarch/toolz-1.1.0-pyhd8ed1ab_1.conda
https://conda.anaconda.org/conda-forge/osx-64/tornado-6.5.8-py312h6ea13a3_2.conda
https://conda.anaconda.org/conda-forge/noarch/tqdm-4.70.1-pyhfa0c392_0.conda
https://conda.anaconda.org/conda-forge/noarch/traitlets-5.16.1-pyhcf101f3_0.conda
https://conda.anaconda.org/conda-forge/noarch/traittypes-0.2.3-pyh332efcf_0.conda
https://conda.anaconda.org/conda-forge/noarch/typing-extensions-4.16.0-h69aa097_0.conda
https://conda.anaconda.org/conda-forge/noarch/typing_extensions-4.16.0-pyhcf101f3_0.conda
https://conda.anaconda.org/conda-forge/noarch/tzdata-2026c-h151e31d_0.conda
https://conda.anaconda.org/conda-forge/noarch/uc-micro-py-2.0.0-pyhcf101f3_0.conda
https://conda.anaconda.org/conda-forge/noarch/uncompresspy-0.4.1-pyhd8ed1ab_0.conda
https://conda.anaconda.org/conda-forge/osx-64/unicodedata2-17.0.1-py312h6ea13a3_1.conda
https://conda.anaconda.org/conda-forge/noarch/urllib3-2.8.0-pyhd8ed1ab_0.conda
https://conda.anaconda.org/conda-forge/noarch/wcwidth-0.8.3-pyhcf101f3_0.conda
https://conda.anaconda.org/conda-forge/noarch/webencodings-0.5.1-pyhd8ed1ab_3.conda
https://conda.anaconda.org/conda-forge/noarch/wheel-0.48.0-pyhd8ed1ab_0.conda
https://conda.anaconda.org/conda-forge/noarch/widgetsnbextension-4.0.16-pyhd8ed1ab_0.conda
https://conda.anaconda.org/conda-forge/osx-64/wrapt-2.4.0-py312hdc27ec5_2.conda
https://conda.anaconda.org/conda-forge/osx-64/xorg-libxau-1.0.12-hd115831_2.conda
https://conda.anaconda.org/conda-forge/osx-64/xorg-libxdmcp-1.1.5-hd115831_2.conda
https://conda.anaconda.org/conda-forge/noarch/xyzservices-2026.9.1-pyhd8ed1ab_0.conda
https://conda.anaconda.org/conda-forge/osx-64/yaml-0.2.5-had63097_3.conda
https://conda.anaconda.org/conda-forge/osx-64/yarl-1.24.5-py312heb39f77_0.conda
https://conda.anaconda.org/conda-forge/osx-64/zeromq-4.3.5-h5dbc3f3_12.conda
https://conda.anaconda.org/conda-forge/noarch/zipp-4.1.0-pyhcf101f3_0.conda
https://conda.anaconda.org/conda-forge/osx-64/zlib-1.3.2-hbb4bfdb_3.conda
https://conda.anaconda.org/conda-forge/osx-64/zlib-ng-2.3.3-h646e873_1.conda
https://conda.anaconda.org/conda-forge/osx-64/zstd-1.5.7-hbc1a06c_7.conda
