# PICASO 4.1 and what pip resolves for it on macOS arm64 with Python 3.11 (pip install --dry-run --report), installed --no-deps --require-hashes.
alabaster==1.0.0 \
    --hash=sha256:fc6786402dc3fcb2de3cabd5fe455a2db534b371124f1f21de8731783dec828b
astropy==8.0.1 \
    --hash=sha256:222f0b9837e79fd3d101e6d4e4579e3aa98c490000bb01e35cd32fd3e3c12bf5
astropy-iers-data==0.2026.9.28.0.59.37 \
    --hash=sha256:950a82adf7169c0bbf4a5b4aefd5412568436db6e22e0d056791fe3f30100d67
attrs==26.1.0 \
    --hash=sha256:c647aa4a12dfbad9333ca4e71fe62ddc36f4e63b2d260a37a8b83d2f043ac309
babel==2.18.0 \
    --hash=sha256:e2b422b277c2b9a9630c1d7903c2a00d0830c409c59ac8cae9081c92f1aeba35
beautifulsoup4==4.15.0 \
    --hash=sha256:d6f88de62e1d4e38ecb1077eb9724cd0eff29d2a08ca16a401e9b9e93f117cf9
bibtexparser==1.4.4 \
    --hash=sha256:093b6c824f7a71d3a748867c4057b71f77c55b8dbc07efc993b781771520d8fb
bokeh==3.9.2 \
    --hash=sha256:448e07d5ee78231f5bdece3be020024bb98696c0d6b127e0e2df0b8ba8fa9765
certifi==2026.7.22 \
    --hash=sha256:62f22742b58a1a33014a2b6b706588a8d7e2a88ae7bd1a6ebe8c992928483775
cftime==1.6.5 \
    --hash=sha256:ab9e80d4de815cac2e2d88a2335231254980e545d0196eb34ee8f7ed612645f1
charset-normalizer==3.5.1 \
    --hash=sha256:eda059b6bc8bc0812d626fd91a7ce01bf583df0a61296eff390fd94141a34e30
cloudpickle==3.1.2 \
    --hash=sha256:9acb47f6afd73f60dc1df93bb801b472f05ff42fa6c84167d25cb206be1fbf4a
contourpy==1.3.3 \
    --hash=sha256:23416f38bfd74d5d28ab8429cc4d63fa67d5068bd711a85edb1c3fb0c3e2f381
cycler==0.12.1 \
    --hash=sha256:85cef7cff222d8644161529808465972e51340599459b8ac3ccbac5a854e0d30
docutils==0.22.4 \
    --hash=sha256:d0013f540772d1420576855455d050a2180186c91c15779301ac2ccb3eeb68de
fastjsonschema==2.22.2 \
    --hash=sha256:0fb3915616adac85ccfdd737d26be1089845d2019819505b42d39888458f74d4
fonttools==4.66.0 \
    --hash=sha256:b432b6b54a0f3be118c6243312c826aa086aa9bcb150160be4f0bc8a21ea3aaa
h5netcdf==1.8.1 \
    --hash=sha256:a76ed7cfc9b8a8908ea7057c4e57e27307acff1049b7f5ed52db6c2247636879
h5py==3.16.0 \
    --hash=sha256:c3f0a0e136f2e95dd0b67146abb6668af4f1a69c81ef8651a2d316e8e01de447
idna==3.20 \
    --hash=sha256:ab7ae7122974553370f0bdb919e1a960b2cd1bc1ef0276416d896db81c14582c
imagesize==2.0.1 \
    --hash=sha256:ea0c9a0384df69ed86a943a15cde37d0360b82491b3910dc2215e202e62b5b02
Jinja2==3.1.6 \
    --hash=sha256:85ece4451f492d0c13c5dd7c13a64681a86afae63a5f347908daf103ce6d2f67
joblib==1.6.0 \
    --hash=sha256:3dbbf9f6e4b592a2357b854608e980fe6390d131d7a82f011a377ef2ebef7aba
jsonschema==4.26.0 \
    --hash=sha256:d489f15263b8d200f8387e64b4c3a75f06629559fb73deb8fdfb525f2dab50ce
jsonschema-specifications==2025.9.1 \
    --hash=sha256:98802fee3a11ee76ecaca44429fda8a41bff98b00a0f2838151b113f210cc6fe
jupyter_core==5.9.1 \
    --hash=sha256:ebf87fdc6073d142e114c72c9e29a9d7ca03fad818c5d300ce2adc1fb0743407
jupytext==1.19.5 \
    --hash=sha256:af22351202171116b986fe1f4f9233a13ca4a85d5eec57a87900ed48521dbae4
kiwisolver==1.5.1 \
    --hash=sha256:dc1a26b8e53395a01c2c611e58602fa47461f136fba7cd5542e6db6d64be1839
llvmlite==0.49.0 \
    --hash=sha256:4b0e710880b7cc910392bd6b9f1bbf468fed99b182e4420d51598f36114b3dce
markdown-it-py==4.2.0 \
    --hash=sha256:9f7ebbcd14fe59494226453aed97c1070d83f8d24b6fc3a3bcf9a38092641c4a
MarkupSafe==3.0.3 \
    --hash=sha256:4bd4cd07944443f5a265608cc6aab442e4f74dff8088b0dfc8238647b8f6ae9a
matplotlib==3.11.2 \
    --hash=sha256:c27e577ece613ea12a0790e00b4eb80d901c59a3e16cad474f31d8b1529690b9
mdit-py-plugins==0.6.1 \
    --hash=sha256:214c82fb2ac524472ab6a5bcab1de80f73b50443e187f401bfd77efbc7c6481d
mdurl==0.1.2 \
    --hash=sha256:84008a41e51615a49fc9966191ff91509e3c40b939176e643fd50a5c2196b8f8
miepython==3.3.0 \
    --hash=sha256:1c3e3a9ef7becc903e994d7efea2f37a9bd0e8c157fbee5489f0599d4d70713f
narwhals==2.26.0 \
    --hash=sha256:29326d74f107c347fd1009bd58e38d9f7c7c5b51e6de97bc93dbc325d9038b54
nbformat==5.11.1 \
    --hash=sha256:cc6698fa75f4fab8755ead786317815f13a6fee3b53311c0abb1a8b51d52f7ec
netCDF4==1.7.4 \
    --hash=sha256:75cf59100f0775bc4d6b9d4aca7cbabd12e2b8cf3b9a4fb16d810b92743a315a
numba==0.67.0 \
    --hash=sha256:3fa3d1b27f96f2c0d54513d953d7197886aa1eaa7d2439a0eedc44d993fb181a
numpy==2.4.6 \
    --hash=sha256:4cfe66903cc32a9921a6733d96b19bb6abf310397581bbad89c228f5abaf0ee8
packaging==26.3 \
    --hash=sha256:d7193f7c8e4e93f444fde0262bf90af30e16fa0ad0ad44cb553c87339b23cd1c
pandas==3.0.6 \
    --hash=sha256:d7564d86a94c2eb8ab290b07f63ddaae5c032fa53897c29a2ff2197d43aee8af
photutils==3.0.0 \
    --hash=sha256:1faa9da37a2fb46c2ef527bf2bba00df268553635758032497163ef2c5e83c4a
picaso==4.1 \
    --hash=sha256:b1fb0fc862e848d9410acbe26ca949cad2bb75cf239116978a6fd91cd4864b52
pillow==12.3.0 \
    --hash=sha256:37d6d0a00072fd2948eb22bce7e1475f34569d90c87c59f7a2ec59541b77f7a6
platformdirs==4.12.1 \
    --hash=sha256:7f251621befae78b2cb74616f9fc99d3fa3db0afba5035987731f8dcd430337d
pooch==1.9.0 \
    --hash=sha256:f265597baa9f760d25ceb29d0beb8186c243d6607b0f60b83ecf14078dbc703b
pyerfa==2.0.1.5 \
    --hash=sha256:be1aeb70390dd03a34faf96749d5cabc58437410b4aab7213c512323932427df
Pygments==2.21.0 \
    --hash=sha256:2363c69b61c4a97c838da3b130dcd6468f4848992b21a82f2a63ec34377137d9
pyparsing==3.3.3 \
    --hash=sha256:ece8c00a69cf01b45d0b1dedabb469c90d8caf996d4fda40f147627a122849a4
python-dateutil==2.9.0.post0 \
    --hash=sha256:a8b2bc7bffae282281c8140a97d3aa9c14da0b136dfe83f850eea9a5f7470427
PyYAML==6.0.3 \
    --hash=sha256:652cb6edd41e718550aad172851962662ff2681490a8a711af6a4d288dd96824
referencing==0.37.0 \
    --hash=sha256:381329a9f99628c9069361716891d34ad94af76e461dcb0335825aecc7692231
requests==2.34.2 \
    --hash=sha256:2a0d60c172f83ac6ab31e4554906c0f3b3588d37b5cb939b1c061f4907e278e0
roman-numerals==4.1.0 \
    --hash=sha256:647ba99caddc2cc1e55a51e4360689115551bf4476d90e8162cf8c345fe233c7
rpds-py==2026.6.3 \
    --hash=sha256:db08f45aecde626498fb3df07bcf6d2ec040af42e859a4f5040d79c200342911
scipy==1.17.1 \
    --hash=sha256:a3472cfbca0a54177d0faa68f697d8ba4c80bbdc19908c3465556d9f7efce9ee
six==1.17.0 \
    --hash=sha256:4721f391ed90541fddacab5acf947aa0d3dc7d27b2e1e8eda2be8970586c3274
snowballstemmer==3.1.1 \
    --hash=sha256:7e207fa178741da09cdee59d3ecec3827ad5f92b1fc5c9ff3755b639f71f5752
soupsieve==2.10 \
    --hash=sha256:8596eb8967d744174820280fa62b4542a2e955bfaccca73ed8a13c6eb8e9b502
Sphinx==9.0.4 \
    --hash=sha256:5bebc595a5e943ea248b99c13814c1c5e10b3ece718976824ffa7959ff95fffb
sphinxcontrib-applehelp==2.0.0 \
    --hash=sha256:4cd3f0ec4ac5dd9c17ec65e9ab272c9b867ea77425228e68ecf08d6b28ddbdb5
sphinxcontrib-devhelp==2.0.0 \
    --hash=sha256:aefb8b83854e4b0998877524d1029fd3e6879210422ee3780459e28a1f03a8a2
sphinxcontrib-htmlhelp==2.1.0 \
    --hash=sha256:166759820b47002d22914d64a075ce08f4c46818e17cfc9470a9786b759b19f8
sphinxcontrib-jsmath==1.0.1 \
    --hash=sha256:2ec2eaebfb78f3f2078e73666b1415417a116cc848b72e5172e596c871103178
sphinxcontrib-qthelp==2.0.0 \
    --hash=sha256:b18a828cdba941ccd6ee8445dbe72ffa3ef8cbe7505d8cd1fa0d42d3f2d5f3eb
sphinxcontrib-serializinghtml==2.0.0 \
    --hash=sha256:6e2cb0eef194e10c27ec0023bfeb25badbbb5868244cf5bc5bdc04e4464bf331
stsynphot==1.5.1 \
    --hash=sha256:65076f14f29288d7b778dbb22c0cb83424cf73545b601346781d8fe9f4eddc21
synphot==1.7.0 \
    --hash=sha256:39fa4ba3783ea9b04595e4692ca67e7a083cdc4da8f56e0f37c8e7401a2ce2b5
tornado==6.5.10 \
    --hash=sha256:9261783640e23258694a9ff0795df430a5a7b0a651d3dd53dd0969ad6be16da7
tqdm==4.70.1 \
    --hash=sha256:c293e525e6fef9c20e8728fd4612df02a0aa31bb5fe91ecd93e123b1b7bffa73
traitlets==5.16.1 \
    --hash=sha256:f775618166caa0396c8e337099240f2bd3e5e917d203b2e6fbe21a58d3cb1f6b
typing_extensions==4.16.0 \
    --hash=sha256:481caa481374e813c1b176ada14e97f1f67a4539ce9cfeb3f350d78d6370c2e8
urllib3==2.8.0 \
    --hash=sha256:0cf3cae568d36aa9576b28dfb35f11328f1cb974ca7647d9475ebb86c75ac6e3
virga-exo==2.0.2 \
    --hash=sha256:c669778873c7af76f84ec3054a3b581b0b8b6cd603805f8f1a6540a56bad5319
xarray==2026.7.0 \
    --hash=sha256:bf9dd130b93806dc78e90c1b7ac24851b31557b888674c53622235691cf21824
xyzservices==2026.9.1 \
    --hash=sha256:af4fddac0f1fa5f7951834e2c58e10109e722be548cb1fe4f1a8e8b18cef4c09
