alabaster==1.0.0
anyio==4.15.1
appnope==1.0.0
argon2-cffi==25.1.0
argon2-cffi-bindings==26.1.0
arrow==1.4.0
asdf==5.4.0
asdf-astropy==0.11.0
asdf_coordinates_schemas==0.5.1
asdf_standard==1.5.0
asdf_transform_schemas==0.6.0
asdf_wcs_schemas==0.5.0
asteval==1.0.10
astraeus-io==1.0
astropy==7.2.2
astropy-iers-data==0.2026.9.14.0.56.43
astropy_healpix==1.1.3
astroquery==0.4.11
astroscrappy==1.3.0
asttokens==3.0.2
async-lru==2.3.0
attrs==26.1.0
babel==2.18.0
backports.tarfile==1.2.0
batman-package==2.5.3
BayesicFitting==3.3.0
beautifulsoup4==4.15.0
bleach==6.4.0
bokeh==3.9.2
Bottleneck==1.6.0
catwoman==1.1.0
ccdproc==2.5.1
celerite2==0.3.3
certifi==2026.7.22
cffi==2.1.1
cftime==1.6.5
charset-normalizer==3.5.1
click==8.5.0
cloudpickle==3.1.2
comm==0.2.3
configobj==5.0.9
contourpy==1.3.3
corner==2.3.0
crds==14.0.0
cycler==0.12.1
dask==2026.8.0
dask-image==2026.5.0
debugpy==1.8.22
defusedxml==0.7.1
dill==0.4.1
docutils==0.22.4
donfig==0.8.1.post1
drizzle==2.2.0
dynesty==3.1.0
emcee==3.1.6
eureka-bang @ git+https://github.com/kevin218/Eureka.git@63440afd748d97ddb049f363b528bcd646106440
executing==2.2.1
exotic-ld @ git+https://github.com/taylorbell57/ExoTiC-LD.git@0bb2ff8f397c498d7b709f1e13db209e7d3101bd
fastjsonschema==2.22.2
filelock==3.32.7
fleck==1.1.3
fonttools==4.65.0
fqdn==1.5.1
fsspec==2026.7.0
george==0.4.4
google-crc32c==1.8.0
gwcs==1.0.3
h11==0.16.0
h5netcdf==1.8.1
h5py==3.16.0
html5lib==1.1
httpcore==1.0.9
httpx==0.28.1
idna==3.19
ImageIO==2.37.4
imagesize==2.0.1
importlib_metadata==9.0.1
iniconfig==2.3.0
ipykernel==7.3.0
ipython==9.17.1
ipython_pygments_lexers==1.1.1
ipywidgets==8.1.9
isoduration==20.11.0
jaraco.classes==3.4.0
jaraco.context==6.1.2
jaraco.functools==4.6.0
jax==0.7.1
jaxlib==0.7.1
jedi==0.20.0
Jinja2==3.1.6
jmespath==1.1.0
json5==0.15.0
jsonpointer==3.1.1
jsonschema==4.26.0
jsonschema-specifications==2025.9.1
jupyter==1.1.1
jupyter-console==6.6.3
jupyter-events==0.12.1
jupyter-lsp==2.3.1
jupyter_builder==1.2.3
jupyter_client==8.10.0
jupyter_core==5.9.1
jupyter_server==2.21.1
jupyter_server_terminals==0.5.4
jupyterlab==4.6.3
jupyterlab_pygments==0.3.0
jupyterlab_server==2.28.1
jupyterlab_widgets==3.0.17
jwst==2.0.1
keyring==25.7.0
kiwisolver==1.5.1
lark==1.3.1
lazy-loader==0.5
lmfit==1.3.4
locket==1.0.0
MarkupSafe==3.0.3
matplotlib==3.11.2
matplotlib-inline==0.2.2
mc3==3.2.1
mistune==3.3.4
ml_dtypes==0.5.4
more-itertools==11.1.0
narwhals==2.26.0
nbclient==0.11.0
nbconvert==7.17.1
nbformat==5.11.1
nest-asyncio2==1.7.2
netCDF4==1.7.4
networkx==3.6.1
notebook==7.6.2
notebook_shim==0.2.4
numcodecs==0.16.5
numpy==1.26.4
numpydoc==1.11.0
opt_einsum==3.4.0
overrides==7.7.0
packaging==26.3
pandas==3.0.5
pandocfilters==1.5.1
Parsley==1.3
parso==0.8.7
partd==1.4.2
pastasoss==1.2.3
pexpect==4.9.0
photutils==2.3.0
pillow==12.3.0
PIMS==0.7
planet-harmonica @ git+https://github.com/Exo-TiC/harmonica@096a05da539882976b6fd3cbac17df3549be8d16
platformdirs==4.11.9
pluggy==1.6.0
prometheus_client==0.26.0
prompt_toolkit==3.0.53
psutil==7.2.2
ptyprocess==0.7.0
pure_eval==0.2.4
pyarrow==25.0.1
PyAVM==0.9.9
pycparser==3.0
pyerfa==2.0.1.5
Pygments==2.21.0
pyparsing==3.3.2
pytest==9.1.1
python-dateutil==2.9.0.post0
python-json-logger==4.2.0
pyvo==1.9.1
PyYAML==6.0.3
pyzmq==27.2.0
referencing==0.37.0
reproject==0.21.0
requests==2.34.2
rfc3339-validator==0.1.4
rfc3986-validator==0.1.1
rfc3987-syntax==1.1.0
roman-numerals==4.1.0
rpds-py==2026.6.3
scikit-image==0.26.0
scipy==1.17.1
semantic-version==2.10.0
Send2Trash==2.1.0
setuptools-scm==10.2.3
shapely==2.1.2
six==1.17.0
slicerator==1.1.0
snowballstemmer==3.1.1
soupsieve==2.9.2
spherical_geometry==1.4.0
Sphinx==9.0.4
sphinxcontrib-applehelp==2.0.0
sphinxcontrib-devhelp==2.0.0
sphinxcontrib-htmlhelp==2.1.0
sphinxcontrib-jsmath==1.0.1
sphinxcontrib-qthelp==2.0.0
sphinxcontrib-serializinghtml==2.0.0
stack-data==0.6.3
stcal==1.20.0
stdatamodels==5.0.2
stpipe==1.1.0
stsci.imagestats==1.8.4
stsci.stimage==0.3.2
svo_filters==0.5.3
synphot==1.7.0
terminado==0.18.1
tifffile==2026.3.3
tinycss2==1.5.1
toolz==1.1.0
tornado==6.5.10
tqdm==4.70.1
traitlets==5.16.1
tweakwcs==0.9.2
typing_extensions==4.16.0
tzdata==2026.4
uncertainties==3.2.3
uri-template==1.3.0
urllib3==2.8.0
vcs-versioning==2.4.1
wcwidth==0.8.3
webcolors==25.10.0
webencodings==0.6.1
websocket-client==1.9.2
widgetsnbextension==4.0.16
xarray==2025.6.1
xyzservices==2026.9.1
zarr==3.1.5
zipp==4.1.0
